
Microsoft Visual Studio Solution File, Format Version 12.00
# Visual Studio Version 17
VisualStudioVersion = 17.5.33424.131
MinimumVisualStudioVersion = 10.0.40219.1
Project("{8BC9CEB8-8B4A-11D0-8D11-00A0C91BC942}") = "opencvQt", "opencvQt\opencvQt.vcxproj", "{ABE2989B-E4EF-4EB1-92EA-4E8CC91F551F}"
EndProject
Global
	GlobalSection(SolutionConfigurationPlatforms) = preSolution
		Debug|x64 = Debug|x64
		Release|x64 = Release|x64
	EndGlobalSection
	GlobalSection(ProjectConfigurationPlatforms) = postSolution
		{ABE2989B-E4EF-4EB1-92EA-4E8CC91F551F}.Debug|x64.ActiveCfg = Debug|x64
		{ABE2989B-E4EF-4EB1-92EA-4E8CC91F551F}.Debug|x64.Build.0 = Debug|x64
		{ABE2989B-E4EF-4EB1-92EA-4E8CC91F551F}.Release|x64.ActiveCfg = Release|x64
		{ABE2989B-E4EF-4EB1-92EA-4E8CC91F551F}.Release|x64.Build.0 = Release|x64
	EndGlobalSection
	GlobalSection(SolutionProperties) = preSolution
		HideSolutionNode = FALSE
	EndGlobalSection
	GlobalSection(ExtensibilityGlobals) = postSolution
		SolutionGuid = {52D96E48-7BC3-4D29-A249-DC59AB0D4E9E}
	EndGlobalSection
EndGlobal
